// !$*UTF8*$!
{
	archiveVersion = 1;
	classes = {
	};
	objectVersion = 56;
	objects = {

/* Begin PBXBuildFile section */
		C5226C232A6D772600D63CA9 /* api_impl.swift in Sources */ = {isa = PBXBuildFile; fileRef = C5226C222A6D772600D63CA9 /* api_impl.swift */; };
		C5226C252A6D79A400D63CA9 /* PostModel.swift in Sources */ = {isa = PBXBuildFile; fileRef = C5226C242A6D79A400D63CA9 /* PostModel.swift */; };
		C5226C272A6D79F100D63CA9 /* LoginModel.swift in Sources */ = {isa = PBXBuildFile; fileRef = C5226C262A6D79F100D63CA9 /* LoginModel.swift */; };
		C5226C2A2A6D7AC300D63CA9 /* error_handler.swift in Sources */ = {isa = PBXBuildFile; fileRef = C5226C292A6D7AC300D63CA9 /* error_handler.swift */; };
		C5226C2D2A6D7FB400D63CA9 /* repository.swift in Sources */ = {isa = PBXBuildFile; fileRef = C5226C2C2A6D7FB400D63CA9 /* repository.swift */; };
		C5226C2F2A6D82BD00D63CA9 /* repository_impl.swift in Sources */ = {isa = PBXBuildFile; fileRef = C5226C2E2A6D82BD00D63CA9 /* repository_impl.swift */; };
		C5226C312A6DEDEB00D63CA9 /* geo_location_service.swift in Sources */ = {isa = PBXBuildFile; fileRef = C5226C302A6DEDEB00D63CA9 /* geo_location_service.swift */; };
		C5391A6B2A674BD700434422 /* tracker_geoApp.swift in Sources */ = {isa = PBXBuildFile; fileRef = C5391A6A2A674BD700434422 /* tracker_geoApp.swift */; };
		C5391A6D2A674BD700434422 /* ContentView.swift in Sources */ = {isa = PBXBuildFile; fileRef = C5391A6C2A674BD700434422 /* ContentView.swift */; };
		C5391A6F2A674BD800434422 /* Assets.xcassets in Resources */ = {isa = PBXBuildFile; fileRef = C5391A6E2A674BD800434422 /* Assets.xcassets */; };
		C5391A722A674BD800434422 /* Preview Assets.xcassets in Resources */ = {isa = PBXBuildFile; fileRef = C5391A712A674BD800434422 /* Preview Assets.xcassets */; };
		C5391A7C2A674BD800434422 /* tracker_geoTests.swift in Sources */ = {isa = PBXBuildFile; fileRef = C5391A7B2A674BD800434422 /* tracker_geoTests.swift */; };
		C5391A862A674BD800434422 /* tracker_geoUITests.swift in Sources */ = {isa = PBXBuildFile; fileRef = C5391A852A674BD800434422 /* tracker_geoUITests.swift */; };
		C5391A882A674BD800434422 /* tracker_geoUITestsLaunchTests.swift in Sources */ = {isa = PBXBuildFile; fileRef = C5391A872A674BD800434422 /* tracker_geoUITestsLaunchTests.swift */; };
		C55023F12A7DE8B8004422EC /* ChipWidget.swift in Sources */ = {isa = PBXBuildFile; fileRef = C55023F02A7DE8B8004422EC /* ChipWidget.swift */; };
		C55023F42A7DEEB8004422EC /* SwiftUIFlow in Frameworks */ = {isa = PBXBuildFile; productRef = C55023F32A7DEEB8004422EC /* SwiftUIFlow */; };
		C55023F72A7FA5F9004422EC /* DeliveryDetailScreen.swift in Sources */ = {isa = PBXBuildFile; fileRef = C55023F62A7FA5F9004422EC /* DeliveryDetailScreen.swift */; };
		C55023FA2A7FC106004422EC /* Colors.swift in Sources */ = {isa = PBXBuildFile; fileRef = C55023F92A7FC106004422EC /* Colors.swift */; };
		C55023FE2A7FD5FD004422EC /* LoginUseCase.swift in Sources */ = {isa = PBXBuildFile; fileRef = C55023FD2A7FD5FD004422EC /* LoginUseCase.swift */; };
		C55024012A7FD7E8004422EC /* LoginViewModel.swift in Sources */ = {isa = PBXBuildFile; fileRef = C55024002A7FD7E8004422EC /* LoginViewModel.swift */; };
		C55024042A806181004422EC /* iPhoneNumberField in Frameworks */ = {isa = PBXBuildFile; productRef = C55024032A806181004422EC /* iPhoneNumberField */; };
		C55024072A80668B004422EC /* InputMask in Frameworks */ = {isa = PBXBuildFile; productRef = C55024062A80668B004422EC /* InputMask */; };
		C56A37102A7D386600D3511E /* HomeScreen.swift in Sources */ = {isa = PBXBuildFile; fileRef = C56A370F2A7D386600D3511E /* HomeScreen.swift */; };
		C56A37132A7D3BE100D3511E /* DashboardScreen.swift in Sources */ = {isa = PBXBuildFile; fileRef = C56A37122A7D3BE100D3511E /* DashboardScreen.swift */; };
		C56A37152A7D445A00D3511E /* DeliveryListWidget.swift in Sources */ = {isa = PBXBuildFile; fileRef = C56A37142A7D445A00D3511E /* DeliveryListWidget.swift */; };
		C56A37172A7D447100D3511E /* DeliveryItem.swift in Sources */ = {isa = PBXBuildFile; fileRef = C56A37162A7D447100D3511E /* DeliveryItem.swift */; };
		C57E9D1C2A747324009C73D8 /* AppImagePickerUIView.swift in Sources */ = {isa = PBXBuildFile; fileRef = C57E9D1B2A747324009C73D8 /* AppImagePickerUIView.swift */; };
		C5B96A3D2A81AB70004C4C25 /* Const.swift in Sources */ = {isa = PBXBuildFile; fileRef = C5B96A3C2A81AB70004C4C25 /* Const.swift */; };
		C5B96A3F2A81B698004C4C25 /* CurrentRouteModel.swift in Sources */ = {isa = PBXBuildFile; fileRef = C5B96A3E2A81B698004C4C25 /* CurrentRouteModel.swift */; };
		C5B96A422A81B9B9004C4C25 /* CurrentRoutesViewModel.swift in Sources */ = {isa = PBXBuildFile; fileRef = C5B96A412A81B9B9004C4C25 /* CurrentRoutesViewModel.swift */; };
		C5B96A442A81BA5A004C4C25 /* CurrentRoutesUseCase.swift in Sources */ = {isa = PBXBuildFile; fileRef = C5B96A432A81BA5A004C4C25 /* CurrentRoutesUseCase.swift */; };
		C5C7353B2A79617900A6EBCF /* LoginScreen.swift in Sources */ = {isa = PBXBuildFile; fileRef = C5C7353A2A79617900A6EBCF /* LoginScreen.swift */; };
/* End PBXBuildFile section */

/* Begin PBXContainerItemProxy section */
		C5391A782A674BD800434422 /* PBXContainerItemProxy */ = {
			isa = PBXContainerItemProxy;
			containerPortal = C5391A5F2A674BD700434422 /* Project object */;
			proxyType = 1;
			remoteGlobalIDString = C5391A662A674BD700434422;
			remoteInfo = tracker_geo;
		};
		C5391A822A674BD800434422 /* PBXContainerItemProxy */ = {
			isa = PBXContainerItemProxy;
			containerPortal = C5391A5F2A674BD700434422 /* Project object */;
			proxyType = 1;
			remoteGlobalIDString = C5391A662A674BD700434422;
			remoteInfo = tracker_geo;
		};
/* End PBXContainerItemProxy section */

/* Begin PBXFileReference section */
		C5226C222A6D772600D63CA9 /* api_impl.swift */ = {isa = PBXFileReference; lastKnownFileType = sourcecode.swift; path = api_impl.swift; sourceTree = "<group>"; };
		C5226C242A6D79A400D63CA9 /* PostModel.swift */ = {isa = PBXFileReference; lastKnownFileType = sourcecode.swift; path = PostModel.swift; sourceTree = "<group>"; };
		C5226C262A6D79F100D63CA9 /* LoginModel.swift */ = {isa = PBXFileReference; lastKnownFileType = sourcecode.swift; path = LoginModel.swift; sourceTree = "<group>"; };
		C5226C292A6D7AC300D63CA9 /* error_handler.swift */ = {isa = PBXFileReference; lastKnownFileType = sourcecode.swift; path = error_handler.swift; sourceTree = "<group>"; };
		C5226C2C2A6D7FB400D63CA9 /* repository.swift */ = {isa = PBXFileReference; lastKnownFileType = sourcecode.swift; path = repository.swift; sourceTree = "<group>"; };
		C5226C2E2A6D82BD00D63CA9 /* repository_impl.swift */ = {isa = PBXFileReference; lastKnownFileType = sourcecode.swift; path = repository_impl.swift; sourceTree = "<group>"; };
		C5226C302A6DEDEB00D63CA9 /* geo_location_service.swift */ = {isa = PBXFileReference; lastKnownFileType = sourcecode.swift; path = geo_location_service.swift; sourceTree = "<group>"; };
		C5391A672A674BD700434422 /* tracker_geo.app */ = {isa = PBXFileReference; explicitFileType = wrapper.application; includeInIndex = 0; path = tracker_geo.app; sourceTree = BUILT_PRODUCTS_DIR; };
		C5391A6A2A674BD700434422 /* tracker_geoApp.swift */ = {isa = PBXFileReference; lastKnownFileType = sourcecode.swift; path = tracker_geoApp.swift; sourceTree = "<group>"; };
		C5391A6C2A674BD700434422 /* ContentView.swift */ = {isa = PBXFileReference; lastKnownFileType = sourcecode.swift; path = ContentView.swift; sourceTree = "<group>"; };
		C5391A6E2A674BD800434422 /* Assets.xcassets */ = {isa = PBXFileReference; lastKnownFileType = folder.assetcatalog; path = Assets.xcassets; sourceTree = "<group>"; };
		C5391A712A674BD800434422 /* Preview Assets.xcassets */ = {isa = PBXFileReference; lastKnownFileType = folder.assetcatalog; path = "Preview Assets.xcassets"; sourceTree = "<group>"; };
		C5391A772A674BD800434422 /* tracker_geoTests.xctest */ = {isa = PBXFileReference; explicitFileType = wrapper.cfbundle; includeInIndex = 0; path = tracker_geoTests.xctest; sourceTree = BUILT_PRODUCTS_DIR; };
		C5391A7B2A674BD800434422 /* tracker_geoTests.swift */ = {isa = PBXFileReference; lastKnownFileType = sourcecode.swift; path = tracker_geoTests.swift; sourceTree = "<group>"; };
		C5391A812A674BD800434422 /* tracker_geoUITests.xctest */ = {isa = PBXFileReference; explicitFileType = wrapper.cfbundle; includeInIndex = 0; path = tracker_geoUITests.xctest; sourceTree = BUILT_PRODUCTS_DIR; };
		C5391A852A674BD800434422 /* tracker_geoUITests.swift */ = {isa = PBXFileReference; lastKnownFileType = sourcecode.swift; path = tracker_geoUITests.swift; sourceTree = "<group>"; };
		C5391A872A674BD800434422 /* tracker_geoUITestsLaunchTests.swift */ = {isa = PBXFileReference; lastKnownFileType = sourcecode.swift; path = tracker_geoUITestsLaunchTests.swift; sourceTree = "<group>"; };
		C5391A962A675A7B00434422 /* tracker-geo-Info.plist */ = {isa = PBXFileReference; lastKnownFileType = text.plist; path = "tracker-geo-Info.plist"; sourceTree = SOURCE_ROOT; };
		C55023F02A7DE8B8004422EC /* ChipWidget.swift */ = {isa = PBXFileReference; lastKnownFileType = sourcecode.swift; path = ChipWidget.swift; sourceTree = "<group>"; };
		C55023F62A7FA5F9004422EC /* DeliveryDetailScreen.swift */ = {isa = PBXFileReference; lastKnownFileType = sourcecode.swift; path = DeliveryDetailScreen.swift; sourceTree = "<group>"; };
		C55023F92A7FC106004422EC /* Colors.swift */ = {isa = PBXFileReference; lastKnownFileType = sourcecode.swift; path = Colors.swift; sourceTree = "<group>"; };
		C55023FD2A7FD5FD004422EC /* LoginUseCase.swift */ = {isa = PBXFileReference; lastKnownFileType = sourcecode.swift; path = LoginUseCase.swift; sourceTree = "<group>"; };
		C55024002A7FD7E8004422EC /* LoginViewModel.swift */ = {isa = PBXFileReference; lastKnownFileType = sourcecode.swift; path = LoginViewModel.swift; sourceTree = "<group>"; };
		C56A370F2A7D386600D3511E /* HomeScreen.swift */ = {isa = PBXFileReference; lastKnownFileType = sourcecode.swift; path = HomeScreen.swift; sourceTree = "<group>"; };
		C56A37122A7D3BE100D3511E /* DashboardScreen.swift */ = {isa = PBXFileReference; lastKnownFileType = sourcecode.swift; path = DashboardScreen.swift; sourceTree = "<group>"; };
		C56A37142A7D445A00D3511E /* DeliveryListWidget.swift */ = {isa = PBXFileReference; lastKnownFileType = sourcecode.swift; path = DeliveryListWidget.swift; sourceTree = "<group>"; };
		C56A37162A7D447100D3511E /* DeliveryItem.swift */ = {isa = PBXFileReference; lastKnownFileType = sourcecode.swift; path = DeliveryItem.swift; sourceTree = "<group>"; };
		C57E9D1B2A747324009C73D8 /* AppImagePickerUIView.swift */ = {isa = PBXFileReference; lastKnownFileType = sourcecode.swift; path = AppImagePickerUIView.swift; sourceTree = "<group>"; };
		C5B96A3C2A81AB70004C4C25 /* Const.swift */ = {isa = PBXFileReference; lastKnownFileType = sourcecode.swift; path = Const.swift; sourceTree = "<group>"; };
		C5B96A3E2A81B698004C4C25 /* CurrentRouteModel.swift */ = {isa = PBXFileReference; lastKnownFileType = sourcecode.swift; path = CurrentRouteModel.swift; sourceTree = "<group>"; };
		C5B96A412A81B9B9004C4C25 /* CurrentRoutesViewModel.swift */ = {isa = PBXFileReference; lastKnownFileType = sourcecode.swift; path = CurrentRoutesViewModel.swift; sourceTree = "<group>"; };
		C5B96A432A81BA5A004C4C25 /* CurrentRoutesUseCase.swift */ = {isa = PBXFileReference; lastKnownFileType = sourcecode.swift; path = CurrentRoutesUseCase.swift; sourceTree = "<group>"; };
		C5C7353A2A79617900A6EBCF /* LoginScreen.swift */ = {isa = PBXFileReference; lastKnownFileType = sourcecode.swift; path = LoginScreen.swift; sourceTree = "<group>"; };
/* End PBXFileReference section */

/* Begin PBXFrameworksBuildPhase section */
		C5391A642A674BD700434422 /* Frameworks */ = {
			isa = PBXFrameworksBuildPhase;
			buildActionMask = 2147483647;
			files = (
				C55024072A80668B004422EC /* InputMask in Frameworks */,
				C55023F42A7DEEB8004422EC /* SwiftUIFlow in Frameworks */,
				C55024042A806181004422EC /* iPhoneNumberField in Frameworks */,
			);
			runOnlyForDeploymentPostprocessing = 0;
		};
		C5391A742A674BD800434422 /* Frameworks */ = {
			isa = PBXFrameworksBuildPhase;
			buildActionMask = 2147483647;
			files = (
			);
			runOnlyForDeploymentPostprocessing = 0;
		};
		C5391A7E2A674BD800434422 /* Frameworks */ = {
			isa = PBXFrameworksBuildPhase;
			buildActionMask = 2147483647;
			files = (
			);
			runOnlyForDeploymentPostprocessing = 0;
		};
/* End PBXFrameworksBuildPhase section */

/* Begin PBXGroup section */
		C5226C162A6D738A00D63CA9 /* data */ = {
			isa = PBXGroup;
			children = (
				C5226C1C2A6D74DF00D63CA9 /* repository */,
				C5226C1B2A6D74D300D63CA9 /* api */,
			);
			path = data;
			sourceTree = "<group>";
		};
		C5226C172A6D739800D63CA9 /* domain */ = {
			isa = PBXGroup;
			children = (
				C55023FC2A7FD5CB004422EC /* UseCase */,
				C5226C1A2A6D746D00D63CA9 /* models */,
				C5226C192A6D745B00D63CA9 /* repository */,
			);
			path = domain;
			sourceTree = "<group>";
		};
		C5226C182A6D73A300D63CA9 /* presentation */ = {
			isa = PBXGroup;
			children = (
				C5226C202A6D761200D63CA9 /* services */,
				C5226C1F2A6D756600D63CA9 /* widgets */,
				C5226C1D2A6D754400D63CA9 /* screens */,
			);
			path = presentation;
			sourceTree = "<group>";
		};
		C5226C192A6D745B00D63CA9 /* repository */ = {
			isa = PBXGroup;
			children = (
				C5226C2C2A6D7FB400D63CA9 /* repository.swift */,
			);
			path = repository;
			sourceTree = "<group>";
		};
		C5226C1A2A6D746D00D63CA9 /* models */ = {
			isa = PBXGroup;
			children = (
				C5226C242A6D79A400D63CA9 /* PostModel.swift */,
				C5226C262A6D79F100D63CA9 /* LoginModel.swift */,
				C5B96A3E2A81B698004C4C25 /* CurrentRouteModel.swift */,
			);
			path = models;
			sourceTree = "<group>";
		};
		C5226C1B2A6D74D300D63CA9 /* api */ = {
			isa = PBXGroup;
			children = (
				C5226C282A6D7A5A00D63CA9 /* error_handler */,
				C5226C212A6D76C100D63CA9 /* api_impl */,
			);
			path = api;
			sourceTree = "<group>";
		};
		C5226C1C2A6D74DF00D63CA9 /* repository */ = {
			isa = PBXGroup;
			children = (
				C5226C2E2A6D82BD00D63CA9 /* repository_impl.swift */,
			);
			path = repository;
			sourceTree = "<group>";
		};
		C5226C1D2A6D754400D63CA9 /* screens */ = {
			isa = PBXGroup;
			children = (
				C55023F82A7FC0DA004422EC /* utils */,
				C55023F52A7FA5C2004422EC /* DeliveryDetail */,
				C56A37112A7D3BC100D3511E /* Dashboard */,
				C5C735392A79615800A6EBCF /* login */,
				C5C735382A79614800A6EBCF /* home */,
			);
			path = screens;
			sourceTree = "<group>";
		};
		C5226C1F2A6D756600D63CA9 /* widgets */ = {
			isa = PBXGroup;
			children = (
				C57E9D1B2A747324009C73D8 /* AppImagePickerUIView.swift */,
			);
			path = widgets;
			sourceTree = "<group>";
		};
		C5226C202A6D761200D63CA9 /* services */ = {
			isa = PBXGroup;
			children = (
				C5226C302A6DEDEB00D63CA9 /* geo_location_service.swift */,
			);
			path = services;
			sourceTree = "<group>";
		};
		C5226C212A6D76C100D63CA9 /* api_impl */ = {
			isa = PBXGroup;
			children = (
				C5226C222A6D772600D63CA9 /* api_impl.swift */,
			);
			path = api_impl;
			sourceTree = "<group>";
		};
		C5226C282A6D7A5A00D63CA9 /* error_handler */ = {
			isa = PBXGroup;
			children = (
				C5226C292A6D7AC300D63CA9 /* error_handler.swift */,
			);
			path = error_handler;
			sourceTree = "<group>";
		};
		C5391A5E2A674BD700434422 = {
			isa = PBXGroup;
			children = (
				C5391A692A674BD700434422 /* tracker_geo */,
				C5391A7A2A674BD800434422 /* tracker_geoTests */,
				C5391A842A674BD800434422 /* tracker_geoUITests */,
				C5391A682A674BD700434422 /* Products */,
			);
			sourceTree = "<group>";
		};
		C5391A682A674BD700434422 /* Products */ = {
			isa = PBXGroup;
			children = (
				C5391A672A674BD700434422 /* tracker_geo.app */,
				C5391A772A674BD800434422 /* tracker_geoTests.xctest */,
				C5391A812A674BD800434422 /* tracker_geoUITests.xctest */,
			);
			name = Products;
			sourceTree = "<group>";
		};
		C5391A692A674BD700434422 /* tracker_geo */ = {
			isa = PBXGroup;
			children = (
				C5226C182A6D73A300D63CA9 /* presentation */,
				C5226C172A6D739800D63CA9 /* domain */,
				C5226C162A6D738A00D63CA9 /* data */,
				C5391A962A675A7B00434422 /* tracker-geo-Info.plist */,
				C5391A6A2A674BD700434422 /* tracker_geoApp.swift */,
				C5391A6C2A674BD700434422 /* ContentView.swift */,
				C5391A6E2A674BD800434422 /* Assets.xcassets */,
				C5391A702A674BD800434422 /* Preview Content */,
			);
			path = tracker_geo;
			sourceTree = "<group>";
		};
		C5391A702A674BD800434422 /* Preview Content */ = {
			isa = PBXGroup;
			children = (
				C5391A712A674BD800434422 /* Preview Assets.xcassets */,
			);
			path = "Preview Content";
			sourceTree = "<group>";
		};
		C5391A7A2A674BD800434422 /* tracker_geoTests */ = {
			isa = PBXGroup;
			children = (
				C5391A7B2A674BD800434422 /* tracker_geoTests.swift */,
			);
			path = tracker_geoTests;
			sourceTree = "<group>";
		};
		C5391A842A674BD800434422 /* tracker_geoUITests */ = {
			isa = PBXGroup;
			children = (
				C5391A852A674BD800434422 /* tracker_geoUITests.swift */,
				C5391A872A674BD800434422 /* tracker_geoUITestsLaunchTests.swift */,
			);
			path = tracker_geoUITests;
			sourceTree = "<group>";
		};
		C55023F52A7FA5C2004422EC /* DeliveryDetail */ = {
			isa = PBXGroup;
			children = (
				C55023F62A7FA5F9004422EC /* DeliveryDetailScreen.swift */,
			);
			path = DeliveryDetail;
			sourceTree = "<group>";
		};
		C55023F82A7FC0DA004422EC /* utils */ = {
			isa = PBXGroup;
			children = (
				C55023F92A7FC106004422EC /* Colors.swift */,
				C5B96A3C2A81AB70004C4C25 /* Const.swift */,
			);
			path = utils;
			sourceTree = "<group>";
		};
		C55023FC2A7FD5CB004422EC /* UseCase */ = {
			isa = PBXGroup;
			children = (
				C55023FD2A7FD5FD004422EC /* LoginUseCase.swift */,
				C5B96A432A81BA5A004C4C25 /* CurrentRoutesUseCase.swift */,
			);
			path = UseCase;
			sourceTree = "<group>";
		};
		C55023FF2A7FD7C8004422EC /* ViewModel */ = {
			isa = PBXGroup;
			children = (
				C55024002A7FD7E8004422EC /* LoginViewModel.swift */,
			);
			path = ViewModel;
			sourceTree = "<group>";
		};
		C56A37112A7D3BC100D3511E /* Dashboard */ = {
			isa = PBXGroup;
			children = (
				C5B96A402A81B97F004C4C25 /* DashViewModel */,
				C56A37122A7D3BE100D3511E /* DashboardScreen.swift */,
				C56A37142A7D445A00D3511E /* DeliveryListWidget.swift */,
				C56A37162A7D447100D3511E /* DeliveryItem.swift */,
				C55023F02A7DE8B8004422EC /* ChipWidget.swift */,
			);
			path = Dashboard;
			sourceTree = "<group>";
		};
		C5B96A402A81B97F004C4C25 /* DashViewModel */ = {
			isa = PBXGroup;
			children = (
				C5B96A412A81B9B9004C4C25 /* CurrentRoutesViewModel.swift */,
			);
			path = DashViewModel;
			sourceTree = "<group>";
		};
		C5C735382A79614800A6EBCF /* home */ = {
			isa = PBXGroup;
			children = (
				C56A370F2A7D386600D3511E /* HomeScreen.swift */,
			);
			path = home;
			sourceTree = "<group>";
		};
		C5C735392A79615800A6EBCF /* login */ = {
			isa = PBXGroup;
			children = (
				C55023FF2A7FD7C8004422EC /* ViewModel */,
				C5C7353A2A79617900A6EBCF /* LoginScreen.swift */,
			);
			path = login;
			sourceTree = "<group>";
		};
/* End PBXGroup section */

/* Begin PBXNativeTarget section */
		C5391A662A674BD700434422 /* tracker_geo */ = {
			isa = PBXNativeTarget;
			buildConfigurationList = C5391A8B2A674BD800434422 /* Build configuration list for PBXNativeTarget "tracker_geo" */;
			buildPhases = (
				C5391A632A674BD700434422 /* Sources */,
				C5391A642A674BD700434422 /* Frameworks */,
				C5391A652A674BD700434422 /* Resources */,
			);
			buildRules = (
			);
			dependencies = (
			);
			name = tracker_geo;
			packageProductDependencies = (
				C55023F32A7DEEB8004422EC /* SwiftUIFlow */,
				C55024032A806181004422EC /* iPhoneNumberField */,
				C55024062A80668B004422EC /* InputMask */,
			);
			productName = tracker_geo;
			productReference = C5391A672A674BD700434422 /* tracker_geo.app */;
			productType = "com.apple.product-type.application";
		};
		C5391A762A674BD800434422 /* tracker_geoTests */ = {
			isa = PBXNativeTarget;
			buildConfigurationList = C5391A8E2A674BD800434422 /* Build configuration list for PBXNativeTarget "tracker_geoTests" */;
			buildPhases = (
				C5391A732A674BD800434422 /* Sources */,
				C5391A742A674BD800434422 /* Frameworks */,
				C5391A752A674BD800434422 /* Resources */,
			);
			buildRules = (
			);
			dependencies = (
				C5391A792A674BD800434422 /* PBXTargetDependency */,
			);
			name = tracker_geoTests;
			productName = tracker_geoTests;
			productReference = C5391A772A674BD800434422 /* tracker_geoTests.xctest */;
			productType = "com.apple.product-type.bundle.unit-test";
		};
		C5391A802A674BD800434422 /* tracker_geoUITests */ = {
			isa = PBXNativeTarget;
			buildConfigurationList = C5391A912A674BD800434422 /* Build configuration list for PBXNativeTarget "tracker_geoUITests" */;
			buildPhases = (
				C5391A7D2A674BD800434422 /* Sources */,
				C5391A7E2A674BD800434422 /* Frameworks */,
				C5391A7F2A674BD800434422 /* Resources */,
			);
			buildRules = (
			);
			dependencies = (
				C5391A832A674BD800434422 /* PBXTargetDependency */,
			);
			name = tracker_geoUITests;
			productName = tracker_geoUITests;
			productReference = C5391A812A674BD800434422 /* tracker_geoUITests.xctest */;
			productType = "com.apple.product-type.bundle.ui-testing";
		};
/* End PBXNativeTarget section */

/* Begin PBXProject section */
		C5391A5F2A674BD700434422 /* Project object */ = {
			isa = PBXProject;
			attributes = {
				BuildIndependentTargetsInParallel = 1;
				LastSwiftUpdateCheck = 1420;
				LastUpgradeCheck = 1420;
				TargetAttributes = {
					C5391A662A674BD700434422 = {
						CreatedOnToolsVersion = 14.2;
					};
					C5391A762A674BD800434422 = {
						CreatedOnToolsVersion = 14.2;
						TestTargetID = C5391A662A674BD700434422;
					};
					C5391A802A674BD800434422 = {
						CreatedOnToolsVersion = 14.2;
						TestTargetID = C5391A662A674BD700434422;
					};
				};
			};
			buildConfigurationList = C5391A622A674BD700434422 /* Build configuration list for PBXProject "tracker_geo" */;
			compatibilityVersion = "Xcode 14.0";
			developmentRegion = en;
			hasScannedForEncodings = 0;
			knownRegions = (
				en,
				Base,
			);
			mainGroup = C5391A5E2A674BD700434422;
			packageReferences = (
				C55023F22A7DEEB8004422EC /* XCRemoteSwiftPackageReference "SwiftUIFlow" */,
				C55024022A806181004422EC /* XCRemoteSwiftPackageReference "iPhoneNumberField" */,
				C55024052A80668B004422EC /* XCRemoteSwiftPackageReference "input-mask-ios" */,
			);
			productRefGroup = C5391A682A674BD700434422 /* Products */;
			projectDirPath = "";
			projectRoot = "";
			targets = (
				C5391A662A674BD700434422 /* tracker_geo */,
				C5391A762A674BD800434422 /* tracker_geoTests */,
				C5391A802A674BD800434422 /* tracker_geoUITests */,
			);
		};
/* End PBXProject section */

/* Begin PBXResourcesBuildPhase section */
		C5391A652A674BD700434422 /* Resources */ = {
			isa = PBXResourcesBuildPhase;
			buildActionMask = 2147483647;
			files = (
				C5391A722A674BD800434422 /* Preview Assets.xcassets in Resources */,
				C5391A6F2A674BD800434422 /* Assets.xcassets in Resources */,
			);
			runOnlyForDeploymentPostprocessing = 0;
		};
		C5391A752A674BD800434422 /* Resources */ = {
			isa = PBXResourcesBuildPhase;
			buildActionMask = 2147483647;
			files = (
			);
			runOnlyForDeploymentPostprocessing = 0;
		};
		C5391A7F2A674BD800434422 /* Resources */ = {
			isa = PBXResourcesBuildPhase;
			buildActionMask = 2147483647;
			files = (
			);
			runOnlyForDeploymentPostprocessing = 0;
		};
/* End PBXResourcesBuildPhase section */

/* Begin PBXSourcesBuildPhase section */
		C5391A632A674BD700434422 /* Sources */ = {
			isa = PBXSourcesBuildPhase;
			buildActionMask = 2147483647;
			files = (
				C5226C232A6D772600D63CA9 /* api_impl.swift in Sources */,
				C55023FA2A7FC106004422EC /* Colors.swift in Sources */,
				C5226C2F2A6D82BD00D63CA9 /* repository_impl.swift in Sources */,
				C5B96A442A81BA5A004C4C25 /* CurrentRoutesUseCase.swift in Sources */,
				C57E9D1C2A747324009C73D8 /* AppImagePickerUIView.swift in Sources */,
				C55023F12A7DE8B8004422EC /* ChipWidget.swift in Sources */,
				C5B96A422A81B9B9004C4C25 /* CurrentRoutesViewModel.swift in Sources */,
				C5226C272A6D79F100D63CA9 /* LoginModel.swift in Sources */,
				C5226C252A6D79A400D63CA9 /* PostModel.swift in Sources */,
				C5226C2A2A6D7AC300D63CA9 /* error_handler.swift in Sources */,
				C55024012A7FD7E8004422EC /* LoginViewModel.swift in Sources */,
				C56A37132A7D3BE100D3511E /* DashboardScreen.swift in Sources */,
				C5226C2D2A6D7FB400D63CA9 /* repository.swift in Sources */,
				C55023FE2A7FD5FD004422EC /* LoginUseCase.swift in Sources */,
				C5391A6D2A674BD700434422 /* ContentView.swift in Sources */,
				C56A37102A7D386600D3511E /* HomeScreen.swift in Sources */,
				C5391A6B2A674BD700434422 /* tracker_geoApp.swift in Sources */,
				C56A37172A7D447100D3511E /* DeliveryItem.swift in Sources */,
				C56A37152A7D445A00D3511E /* DeliveryListWidget.swift in Sources */,
				C5C7353B2A79617900A6EBCF /* LoginScreen.swift in Sources */,
				C5226C312A6DEDEB00D63CA9 /* geo_location_service.swift in Sources */,
				C55023F72A7FA5F9004422EC /* DeliveryDetailScreen.swift in Sources */,
				C5B96A3D2A81AB70004C4C25 /* Const.swift in Sources */,
				C5B96A3F2A81B698004C4C25 /* CurrentRouteModel.swift in Sources */,
			);
			runOnlyForDeploymentPostprocessing = 0;
		};
		C5391A732A674BD800434422 /* Sources */ = {
			isa = PBXSourcesBuildPhase;
			buildActionMask = 2147483647;
			files = (
				C5391A7C2A674BD800434422 /* tracker_geoTests.swift in Sources */,
			);
			runOnlyForDeploymentPostprocessing = 0;
		};
		C5391A7D2A674BD800434422 /* Sources */ = {
			isa = PBXSourcesBuildPhase;
			buildActionMask = 2147483647;
			files = (
				C5391A862A674BD800434422 /* tracker_geoUITests.swift in Sources */,
				C5391A882A674BD800434422 /* tracker_geoUITestsLaunchTests.swift in Sources */,
			);
			runOnlyForDeploymentPostprocessing = 0;
		};
/* End PBXSourcesBuildPhase section */

/* Begin PBXTargetDependency section */
		C5391A792A674BD800434422 /* PBXTargetDependency */ = {
			isa = PBXTargetDependency;
			target = C5391A662A674BD700434422 /* tracker_geo */;
			targetProxy = C5391A782A674BD800434422 /* PBXContainerItemProxy */;
		};
		C5391A832A674BD800434422 /* PBXTargetDependency */ = {
			isa = PBXTargetDependency;
			target = C5391A662A674BD700434422 /* tracker_geo */;
			targetProxy = C5391A822A674BD800434422 /* PBXContainerItemProxy */;
		};
/* End PBXTargetDependency section */

/* Begin XCBuildConfiguration section */
		C5391A892A674BD800434422 /* Debug */ = {
			isa = XCBuildConfiguration;
			buildSettings = {
				ALWAYS_SEARCH_USER_PATHS = NO;
				CLANG_ANALYZER_NONNULL = YES;
				CLANG_ANALYZER_NUMBER_OBJECT_CONVERSION = YES_AGGRESSIVE;
				CLANG_CXX_LANGUAGE_STANDARD = "gnu++20";
				CLANG_ENABLE_MODULES = YES;
				CLANG_ENABLE_OBJC_ARC = YES;
				CLANG_ENABLE_OBJC_WEAK = YES;
				CLANG_WARN_BLOCK_CAPTURE_AUTORELEASING = YES;
				CLANG_WARN_BOOL_CONVERSION = YES;
				CLANG_WARN_COMMA = YES;
				CLANG_WARN_CONSTANT_CONVERSION = YES;
				CLANG_WARN_DEPRECATED_OBJC_IMPLEMENTATIONS = YES;
				CLANG_WARN_DIRECT_OBJC_ISA_USAGE = YES_ERROR;
				CLANG_WARN_DOCUMENTATION_COMMENTS = YES;
				CLANG_WARN_EMPTY_BODY = YES;
				CLANG_WARN_ENUM_CONVERSION = YES;
				CLANG_WARN_INFINITE_RECURSION = YES;
				CLANG_WARN_INT_CONVERSION = YES;
				CLANG_WARN_NON_LITERAL_NULL_CONVERSION = YES;
				CLANG_WARN_OBJC_IMPLICIT_RETAIN_SELF = YES;
				CLANG_WARN_OBJC_LITERAL_CONVERSION = YES;
				CLANG_WARN_OBJC_ROOT_CLASS = YES_ERROR;
				CLANG_WARN_QUOTED_INCLUDE_IN_FRAMEWORK_HEADER = YES;
				CLANG_WARN_RANGE_LOOP_ANALYSIS = YES;
				CLANG_WARN_STRICT_PROTOTYPES = YES;
				CLANG_WARN_SUSPICIOUS_MOVE = YES;
				CLANG_WARN_UNGUARDED_AVAILABILITY = YES_AGGRESSIVE;
				CLANG_WARN_UNREACHABLE_CODE = YES;
				CLANG_WARN__DUPLICATE_METHOD_MATCH = YES;
				COPY_PHASE_STRIP = NO;
				DEBUG_INFORMATION_FORMAT = dwarf;
				ENABLE_STRICT_OBJC_MSGSEND = YES;
				ENABLE_TESTABILITY = YES;
				GCC_C_LANGUAGE_STANDARD = gnu11;
				GCC_DYNAMIC_NO_PIC = NO;
				GCC_NO_COMMON_BLOCKS = YES;
				GCC_OPTIMIZATION_LEVEL = 0;
				GCC_PREPROCESSOR_DEFINITIONS = (
					"DEBUG=1",
					"$(inherited)",
				);
				GCC_WARN_64_TO_32_BIT_CONVERSION = YES;
				GCC_WARN_ABOUT_RETURN_TYPE = YES_ERROR;
				GCC_WARN_UNDECLARED_SELECTOR = YES;
				GCC_WARN_UNINITIALIZED_AUTOS = YES_AGGRESSIVE;
				GCC_WARN_UNUSED_FUNCTION = YES;
				GCC_WARN_UNUSED_VARIABLE = YES;
				IPHONEOS_DEPLOYMENT_TARGET = 16.2;
				MTL_ENABLE_DEBUG_INFO = INCLUDE_SOURCE;
				MTL_FAST_MATH = YES;
				ONLY_ACTIVE_ARCH = YES;
				SDKROOT = iphoneos;
				SWIFT_ACTIVE_COMPILATION_CONDITIONS = DEBUG;
				SWIFT_OPTIMIZATION_LEVEL = "-Onone";
			};
			name = Debug;
		};
		C5391A8A2A674BD800434422 /* Release */ = {
			isa = XCBuildConfiguration;
			buildSettings = {
				ALWAYS_SEARCH_USER_PATHS = NO;
				CLANG_ANALYZER_NONNULL = YES;
				CLANG_ANALYZER_NUMBER_OBJECT_CONVERSION = YES_AGGRESSIVE;
				CLANG_CXX_LANGUAGE_STANDARD = "gnu++20";
				CLANG_ENABLE_MODULES = YES;
				CLANG_ENABLE_OBJC_ARC = YES;
				CLANG_ENABLE_OBJC_WEAK = YES;
				CLANG_WARN_BLOCK_CAPTURE_AUTORELEASING = YES;
				CLANG_WARN_BOOL_CONVERSION = YES;
				CLANG_WARN_COMMA = YES;
				CLANG_WARN_CONSTANT_CONVERSION = YES;
				CLANG_WARN_DEPRECATED_OBJC_IMPLEMENTATIONS = YES;
				CLANG_WARN_DIRECT_OBJC_ISA_USAGE = YES_ERROR;
				CLANG_WARN_DOCUMENTATION_COMMENTS = YES;
				CLANG_WARN_EMPTY_BODY = YES;
				CLANG_WARN_ENUM_CONVERSION = YES;
				CLANG_WARN_INFINITE_RECURSION = YES;
				CLANG_WARN_INT_CONVERSION = YES;
				CLANG_WARN_NON_LITERAL_NULL_CONVERSION = YES;
				CLANG_WARN_OBJC_IMPLICIT_RETAIN_SELF = YES;
				CLANG_WARN_OBJC_LITERAL_CONVERSION = YES;
				CLANG_WARN_OBJC_ROOT_CLASS = YES_ERROR;
				CLANG_WARN_QUOTED_INCLUDE_IN_FRAMEWORK_HEADER = YES;
				CLANG_WARN_RANGE_LOOP_ANALYSIS = YES;
				CLANG_WARN_STRICT_PROTOTYPES = YES;
				CLANG_WARN_SUSPICIOUS_MOVE = YES;
				CLANG_WARN_UNGUARDED_AVAILABILITY = YES_AGGRESSIVE;
				CLANG_WARN_UNREACHABLE_CODE = YES;
				CLANG_WARN__DUPLICATE_METHOD_MATCH = YES;
				COPY_PHASE_STRIP = NO;
				DEBUG_INFORMATION_FORMAT = "dwarf-with-dsym";
				ENABLE_NS_ASSERTIONS = NO;
				ENABLE_STRICT_OBJC_MSGSEND = YES;
				GCC_C_LANGUAGE_STANDARD = gnu11;
				GCC_NO_COMMON_BLOCKS = YES;
				GCC_WARN_64_TO_32_BIT_CONVERSION = YES;
				GCC_WARN_ABOUT_RETURN_TYPE = YES_ERROR;
				GCC_WARN_UNDECLARED_SELECTOR = YES;
				GCC_WARN_UNINITIALIZED_AUTOS = YES_AGGRESSIVE;
				GCC_WARN_UNUSED_FUNCTION = YES;
				GCC_WARN_UNUSED_VARIABLE = YES;
				IPHONEOS_DEPLOYMENT_TARGET = 16.2;
				MTL_ENABLE_DEBUG_INFO = NO;
				MTL_FAST_MATH = YES;
				SDKROOT = iphoneos;
				SWIFT_COMPILATION_MODE = wholemodule;
				SWIFT_OPTIMIZATION_LEVEL = "-O";
				VALIDATE_PRODUCT = YES;
			};
			name = Release;
		};
		C5391A8C2A674BD800434422 /* Debug */ = {
			isa = XCBuildConfiguration;
			buildSettings = {
				ASSETCATALOG_COMPILER_APPICON_NAME = AppIcon;
				ASSETCATALOG_COMPILER_GLOBAL_ACCENT_COLOR_NAME = AccentColor;
				CODE_SIGN_STYLE = Automatic;
				CURRENT_PROJECT_VERSION = 1;
				DEVELOPMENT_ASSET_PATHS = "\"tracker_geo/Preview Content\"";
				DEVELOPMENT_TEAM = KT682HX492;
				ENABLE_PREVIEWS = YES;
				GENERATE_INFOPLIST_FILE = YES;
				INFOPLIST_FILE = "tracker-geo-Info.plist";
				INFOPLIST_KEY_NSLocationAlwaysAndWhenInUseUsageDescription = "your location is shared";
				INFOPLIST_KEY_NSLocationAlwaysUsageDescription = "your location is shared";
				INFOPLIST_KEY_NSLocationWhenInUseUsageDescription = "";
				INFOPLIST_KEY_NSPhotoLibraryUsageDescription = "This app requires access to the photo library.";
				INFOPLIST_KEY_UIApplicationSupportsIndirectInputEvents = YES;
				INFOPLIST_KEY_UILaunchScreen_Generation = YES;
				INFOPLIST_KEY_UISupportedInterfaceOrientations_iPad = "UIInterfaceOrientationPortrait UIInterfaceOrientationPortraitUpsideDown UIInterfaceOrientationLandscapeLeft UIInterfaceOrientationLandscapeRight";
				INFOPLIST_KEY_UISupportedInterfaceOrientations_iPhone = "UIInterfaceOrientationPortrait UIInterfaceOrientationLandscapeLeft UIInterfaceOrientationLandscapeRight";
				LD_RUNPATH_SEARCH_PATHS = (
					"$(inherited)",
					"@executable_path/Frameworks",
				);
				MARKETING_VERSION = 1.0;
				PRODUCT_BUNDLE_IDENTIFIER = "com.test.tracker-geo";
				PRODUCT_NAME = "$(TARGET_NAME)";
				SWIFT_EMIT_LOC_STRINGS = YES;
				SWIFT_VERSION = 5.0;
				TARGETED_DEVICE_FAMILY = "1,2";
			};
			name = Debug;
		};
		C5391A8D2A674BD800434422 /* Release */ = {
			isa = XCBuildConfiguration;
			buildSettings = {
				ASSETCATALOG_COMPILER_APPICON_NAME = AppIcon;
				ASSETCATALOG_COMPILER_GLOBAL_ACCENT_COLOR_NAME = AccentColor;
				CODE_SIGN_STYLE = Automatic;
				CURRENT_PROJECT_VERSION = 1;
				DEVELOPMENT_ASSET_PATHS = "\"tracker_geo/Preview Content\"";
				DEVELOPMENT_TEAM = KT682HX492;
				ENABLE_PREVIEWS = YES;
				GENERATE_INFOPLIST_FILE = YES;
				INFOPLIST_FILE = "tracker-geo-Info.plist";
				INFOPLIST_KEY_NSLocationAlwaysAndWhenInUseUsageDescription = "your location is shared";
				INFOPLIST_KEY_NSLocationAlwaysUsageDescription = "your location is shared";
				INFOPLIST_KEY_NSLocationWhenInUseUsageDescription = "";
				INFOPLIST_KEY_NSPhotoLibraryUsageDescription = "This app requires access to the photo library.";
				INFOPLIST_KEY_UIApplicationSupportsIndirectInputEvents = YES;
				INFOPLIST_KEY_UILaunchScreen_Generation = YES;
				INFOPLIST_KEY_UISupportedInterfaceOrientations_iPad = "UIInterfaceOrientationPortrait UIInterfaceOrientationPortraitUpsideDown UIInterfaceOrientationLandscapeLeft UIInterfaceOrientationLandscapeRight";
				INFOPLIST_KEY_UISupportedInterfaceOrientations_iPhone = "UIInterfaceOrientationPortrait UIInterfaceOrientationLandscapeLeft UIInterfaceOrientationLandscapeRight";
				LD_RUNPATH_SEARCH_PATHS = (
					"$(inherited)",
					"@executable_path/Frameworks",
				);
				MARKETING_VERSION = 1.0;
				PRODUCT_BUNDLE_IDENTIFIER = "com.test.tracker-geo";
				PRODUCT_NAME = "$(TARGET_NAME)";
				SWIFT_EMIT_LOC_STRINGS = YES;
				SWIFT_VERSION = 5.0;
				TARGETED_DEVICE_FAMILY = "1,2";
			};
			name = Release;
		};
		C5391A8F2A674BD800434422 /* Debug */ = {
			isa = XCBuildConfiguration;
			buildSettings = {
				ALWAYS_EMBED_SWIFT_STANDARD_LIBRARIES = YES;
				BUNDLE_LOADER = "$(TEST_HOST)";
				CODE_SIGN_STYLE = Automatic;
				CURRENT_PROJECT_VERSION = 1;
				DEVELOPMENT_TEAM = KT682HX492;
				GENERATE_INFOPLIST_FILE = YES;
				IPHONEOS_DEPLOYMENT_TARGET = 16.2;
				MARKETING_VERSION = 1.0;
				PRODUCT_BUNDLE_IDENTIFIER = "com.test.tracker-geoTests";
				PRODUCT_NAME = "$(TARGET_NAME)";
				SWIFT_EMIT_LOC_STRINGS = NO;
				SWIFT_VERSION = 5.0;
				TARGETED_DEVICE_FAMILY = "1,2";
				TEST_HOST = "$(BUILT_PRODUCTS_DIR)/tracker_geo.app/$(BUNDLE_EXECUTABLE_FOLDER_PATH)/tracker_geo";
			};
			name = Debug;
		};
		C5391A902A674BD800434422 /* Release */ = {
			isa = XCBuildConfiguration;
			buildSettings = {
				ALWAYS_EMBED_SWIFT_STANDARD_LIBRARIES = YES;
				BUNDLE_LOADER = "$(TEST_HOST)";
				CODE_SIGN_STYLE = Automatic;
				CURRENT_PROJECT_VERSION = 1;
				DEVELOPMENT_TEAM = KT682HX492;
				GENERATE_INFOPLIST_FILE = YES;
				IPHONEOS_DEPLOYMENT_TARGET = 16.2;
				MARKETING_VERSION = 1.0;
				PRODUCT_BUNDLE_IDENTIFIER = "com.test.tracker-geoTests";
				PRODUCT_NAME = "$(TARGET_NAME)";
				SWIFT_EMIT_LOC_STRINGS = NO;
				SWIFT_VERSION = 5.0;
				TARGETED_DEVICE_FAMILY = "1,2";
				TEST_HOST = "$(BUILT_PRODUCTS_DIR)/tracker_geo.app/$(BUNDLE_EXECUTABLE_FOLDER_PATH)/tracker_geo";
			};
			name = Release;
		};
		C5391A922A674BD800434422 /* Debug */ = {
			isa = XCBuildConfiguration;
			buildSettings = {
				ALWAYS_EMBED_SWIFT_STANDARD_LIBRARIES = YES;
				CODE_SIGN_STYLE = Automatic;
				CURRENT_PROJECT_VERSION = 1;
				DEVELOPMENT_TEAM = KT682HX492;
				GENERATE_INFOPLIST_FILE = YES;
				MARKETING_VERSION = 1.0;
				PRODUCT_BUNDLE_IDENTIFIER = "com.test.tracker-geoUITests";
				PRODUCT_NAME = "$(TARGET_NAME)";
				SWIFT_EMIT_LOC_STRINGS = NO;
				SWIFT_VERSION = 5.0;
				TARGETED_DEVICE_FAMILY = "1,2";
				TEST_TARGET_NAME = tracker_geo;
			};
			name = Debug;
		};
		C5391A932A674BD800434422 /* Release */ = {
			isa = XCBuildConfiguration;
			buildSettings = {
				ALWAYS_EMBED_SWIFT_STANDARD_LIBRARIES = YES;
				CODE_SIGN_STYLE = Automatic;
				CURRENT_PROJECT_VERSION = 1;
				DEVELOPMENT_TEAM = KT682HX492;
				GENERATE_INFOPLIST_FILE = YES;
				MARKETING_VERSION = 1.0;
				PRODUCT_BUNDLE_IDENTIFIER = "com.test.tracker-geoUITests";
				PRODUCT_NAME = "$(TARGET_NAME)";
				SWIFT_EMIT_LOC_STRINGS = NO;
				SWIFT_VERSION = 5.0;
				TARGETED_DEVICE_FAMILY = "1,2";
				TEST_TARGET_NAME = tracker_geo;
			};
			name = Release;
		};
/* End XCBuildConfiguration section */

/* Begin XCConfigurationList section */
		C5391A622A674BD700434422 /* Build configuration list for PBXProject "tracker_geo" */ = {
			isa = XCConfigurationList;
			buildConfigurations = (
				C5391A892A674BD800434422 /* Debug */,
				C5391A8A2A674BD800434422 /* Release */,
			);
			defaultConfigurationIsVisible = 0;
			defaultConfigurationName = Release;
		};
		C5391A8B2A674BD800434422 /* Build configuration list for PBXNativeTarget "tracker_geo" */ = {
			isa = XCConfigurationList;
			buildConfigurations = (
				C5391A8C2A674BD800434422 /* Debug */,
				C5391A8D2A674BD800434422 /* Release */,
			);
			defaultConfigurationIsVisible = 0;
			defaultConfigurationName = Release;
		};
		C5391A8E2A674BD800434422 /* Build configuration list for PBXNativeTarget "tracker_geoTests" */ = {
			isa = XCConfigurationList;
			buildConfigurations = (
				C5391A8F2A674BD800434422 /* Debug */,
				C5391A902A674BD800434422 /* Release */,
			);
			defaultConfigurationIsVisible = 0;
			defaultConfigurationName = Release;
		};
		C5391A912A674BD800434422 /* Build configuration list for PBXNativeTarget "tracker_geoUITests" */ = {
			isa = XCConfigurationList;
			buildConfigurations = (
				C5391A922A674BD800434422 /* Debug */,
				C5391A932A674BD800434422 /* Release */,
			);
			defaultConfigurationIsVisible = 0;
			defaultConfigurationName = Release;
		};
/* End XCConfigurationList section */

/* Begin XCRemoteSwiftPackageReference section */
		C55023F22A7DEEB8004422EC /* XCRemoteSwiftPackageReference "SwiftUIFlow" */ = {
			isa = XCRemoteSwiftPackageReference;
			repositoryURL = "https://github.com/ciaranrobrien/SwiftUIFlow.git";
			requirement = {
				branch = main;
				kind = branch;
			};
		};
		C55024022A806181004422EC /* XCRemoteSwiftPackageReference "iPhoneNumberField" */ = {
			isa = XCRemoteSwiftPackageReference;
			repositoryURL = "https://github.com/MojtabaHs/iPhoneNumberField.git";
			requirement = {
				kind = upToNextMajorVersion;
				minimumVersion = 0.10.1;
			};
		};
		C55024052A80668B004422EC /* XCRemoteSwiftPackageReference "input-mask-ios" */ = {
			isa = XCRemoteSwiftPackageReference;
			repositoryURL = "https://github.com/RedMadRobot/input-mask-ios.git";
			requirement = {
				kind = upToNextMajorVersion;
				minimumVersion = 7.0.0;
			};
		};
/* End XCRemoteSwiftPackageReference section */

/* Begin XCSwiftPackageProductDependency section */
		C55023F32A7DEEB8004422EC /* SwiftUIFlow */ = {
			isa = XCSwiftPackageProductDependency;
			package = C55023F22A7DEEB8004422EC /* XCRemoteSwiftPackageReference "SwiftUIFlow" */;
			productName = SwiftUIFlow;
		};
		C55024032A806181004422EC /* iPhoneNumberField */ = {
			isa = XCSwiftPackageProductDependency;
			package = C55024022A806181004422EC /* XCRemoteSwiftPackageReference "iPhoneNumberField" */;
			productName = iPhoneNumberField;
		};
		C55024062A80668B004422EC /* InputMask */ = {
			isa = XCSwiftPackageProductDependency;
			package = C55024052A80668B004422EC /* XCRemoteSwiftPackageReference "input-mask-ios" */;
			productName = InputMask;
		};
/* End XCSwiftPackageProductDependency section */
	};
	rootObject = C5391A5F2A674BD700434422 /* Project object */;
}
